{
  "name": "nofx-web",
  "version": "1.0.0",
  "lockfileVersion": 1,
  "requires": true,
  "dependencies": {
    "fancy-canvas": {
      "version": "2.1.0",
      "resolved": "https://registry.npmjs.org/fancy-canvas/-/fancy-canvas-2.1.0.tgz",
      "integrity": "sha512-nifxXJ95JNLFR2NgRV4/MxVP45G9909wJTEKz5fg/TZS20JJZA6hfgRVh/bC9bwl2zBtBNcYPjiBE4njQHVBwQ=="
    },
    "lightweight-charts": {
      "version": "4.2.0",
      "resolved": "https://registry.npmjs.org/lightweight-charts/-/lightweight-charts-4.2.0.tgz",
      "integrity": "sha512-TRC61cI6bEKBEHcpqawL0KP8Rwos9b2OcdyeQ4Ri7Zybf8NvrRYmNcJV+2a2rMo7VZp1NhVWURuNEskjc+wm4A==",
      "requires": {
        "fancy-canvas": "2.1.0"
      }
    }
  }
}
